
Microsoft Visual Studio Solution File, Format Version 12.00
# Visual Studio Version 17
VisualStudioVersion = 17.0.31903.59
MinimumVisualStudioVersion = 10.0.40219.1
Project("{2150E333-8FDC-42A3-9474-1A3956D46DE8}") = "src", "src", "{827E0CD3-B72D-47B6-A68D-7590B98EB39B}"
EndProject
Project("{FAE04EC0-301F-11D3-BF4B-00C04F79EFBC}") = "StockPulse.Api", "src\StockPulse.Api\StockPulse.Api.csproj", "{CBE10441-6298-4B8C-B264-303C037CD67B}"
EndProject
Project("{FAE04EC0-301F-11D3-BF4B-00C04F79EFBC}") = "StockPulse.Application", "src\StockPulse.Application\StockPulse.Application.csproj", "{A9102DDC-7C26-4EEF-BA95-C84AF33E3E98}"
EndProject
Project("{FAE04EC0-301F-11D3-BF4B-00C04F79EFBC}") = "StockPulse.Domain", "src\StockPulse.Domain\StockPulse.Domain.csproj", "{409906ED-A4C2-4FD4-9B0A-85C7CB2A9DD2}"
EndProject
Project("{FAE04EC0-301F-11D3-BF4B-00C04F79EFBC}") = "StockPulse.Contracts", "src\StockPulse.Contracts\StockPulse.Contracts.csproj", "{41EC7AB2-E0C5-44F6-A4A7-775182BA88D9}"
EndProject
Project("{FAE04EC0-301F-11D3-BF4B-00C04F79EFBC}") = "StockPulse.Infrastructure", "src\StockPulse.Infrastructure\StockPulse.Infrastructure.csproj", "{FAE20514-954C-43D0-B186-AFD1A6EE5895}"
EndProject
Project("{FAE04EC0-301F-11D3-BF4B-00C04F79EFBC}") = "StockPulse.Worker", "src\StockPulse.Worker\StockPulse.Worker.csproj", "{8DD0829C-987C-4446-BEA6-C33C8F8397D2}"
EndProject
Project("{2150E333-8FDC-42A3-9474-1A3956D46DE8}") = "tests", "tests", "{0AB3BF05-4346-4AA6-1389-037BE0695223}"
EndProject
Project("{FAE04EC0-301F-11D3-BF4B-00C04F79EFBC}") = "StockPulse.Application.Tests", "tests\StockPulse.Application.Tests\StockPulse.Application.Tests.csproj", "{50B44CE6-5D0C-4EB9-8461-BA960F9550EA}"
EndProject
Project("{FAE04EC0-301F-11D3-BF4B-00C04F79EFBC}") = "StockPulse.Infrastructure.Tests", "tests\StockPulse.Infrastructure.Tests\StockPulse.Infrastructure.Tests.csproj", "{D77B80D7-E6F8-4E81-AD05-9CE3D14D89AF}"
EndProject
Project("{FAE04EC0-301F-11D3-BF4B-00C04F79EFBC}") = "StockPulse.Worker.Tests", "tests\StockPulse.Worker.Tests\StockPulse.Worker.Tests.csproj", "{B9A40043-0F49-494C-A972-E7258C66617D}"
EndProject
Global
	GlobalSection(SolutionConfigurationPlatforms) = preSolution
		Debug|Any CPU = Debug|Any CPU
		Debug|x64 = Debug|x64
		Debug|x86 = Debug|x86
		Release|Any CPU = Release|Any CPU
		Release|x64 = Release|x64
		Release|x86 = Release|x86
	EndGlobalSection
	GlobalSection(ProjectConfigurationPlatforms) = postSolution
		{CBE10441-6298-4B8C-B264-303C037CD67B}.Debug|Any CPU.ActiveCfg = Debug|Any CPU
		{CBE10441-6298-4B8C-B264-303C037CD67B}.Debug|Any CPU.Build.0 = Debug|Any CPU
		{CBE10441-6298-4B8C-B264-303C037CD67B}.Debug|x64.ActiveCfg = Debug|Any CPU
		{CBE10441-6298-4B8C-B264-303C037CD67B}.Debug|x64.Build.0 = Debug|Any CPU
		{CBE10441-6298-4B8C-B264-303C037CD67B}.Debug|x86.ActiveCfg = Debug|Any CPU
		{CBE10441-6298-4B8C-B264-303C037CD67B}.Debug|x86.Build.0 = Debug|Any CPU
		{CBE10441-6298-4B8C-B264-303C037CD67B}.Release|Any CPU.ActiveCfg = Release|Any CPU
		{CBE10441-6298-4B8C-B264-303C037CD67B}.Release|Any CPU.Build.0 = Release|Any CPU
		{CBE10441-6298-4B8C-B264-303C037CD67B}.Release|x64.ActiveCfg = Release|Any CPU
		{CBE10441-6298-4B8C-B264-303C037CD67B}.Release|x64.Build.0 = Release|Any CPU
		{CBE10441-6298-4B8C-B264-303C037CD67B}.Release|x86.ActiveCfg = Release|Any CPU
		{CBE10441-6298-4B8C-B264-303C037CD67B}.Release|x86.Build.0 = Release|Any CPU
		{A9102DDC-7C26-4EEF-BA95-C84AF33E3E98}.Debug|Any CPU.ActiveCfg = Debug|Any CPU
		{A9102DDC-7C26-4EEF-BA95-C84AF33E3E98}.Debug|Any CPU.Build.0 = Debug|Any CPU
		{A9102DDC-7C26-4EEF-BA95-C84AF33E3E98}.Debug|x64.ActiveCfg = Debug|Any CPU
		{A9102DDC-7C26-4EEF-BA95-C84AF33E3E98}.Debug|x64.Build.0 = Debug|Any CPU
		{A9102DDC-7C26-4EEF-BA95-C84AF33E3E98}.Debug|x86.ActiveCfg = Debug|Any CPU
		{A9102DDC-7C26-4EEF-BA95-C84AF33E3E98}.Debug|x86.Build.0 = Debug|Any CPU
		{A9102DDC-7C26-4EEF-BA95-C84AF33E3E98}.Release|Any CPU.ActiveCfg = Release|Any CPU
		{A9102DDC-7C26-4EEF-BA95-C84AF33E3E98}.Release|Any CPU.Build.0 = Release|Any CPU
		{A9102DDC-7C26-4EEF-BA95-C84AF33E3E98}.Release|x64.ActiveCfg = Release|Any CPU
		{A9102DDC-7C26-4EEF-BA95-C84AF33E3E98}.Release|x64.Build.0 = Release|Any CPU
		{A9102DDC-7C26-4EEF-BA95-C84AF33E3E98}.Release|x86.ActiveCfg = Release|Any CPU
		{A9102DDC-7C26-4EEF-BA95-C84AF33E3E98}.Release|x86.Build.0 = Release|Any CPU
		{409906ED-A4C2-4FD4-9B0A-85C7CB2A9DD2}.Debug|Any CPU.ActiveCfg = Debug|Any CPU
		{409906ED-A4C2-4FD4-9B0A-85C7CB2A9DD2}.Debug|Any CPU.Build.0 = Debug|Any CPU
		{409906ED-A4C2-4FD4-9B0A-85C7CB2A9DD2}.Debug|x64.ActiveCfg = Debug|Any CPU
		{409906ED-A4C2-4FD4-9B0A-85C7CB2A9DD2}.Debug|x64.Build.0 = Debug|Any CPU
		{409906ED-A4C2-4FD4-9B0A-85C7CB2A9DD2}.Debug|x86.ActiveCfg = Debug|Any CPU
		{409906ED-A4C2-4FD4-9B0A-85C7CB2A9DD2}.Debug|x86.Build.0 = Debug|Any CPU
		{409906ED-A4C2-4FD4-9B0A-85C7CB2A9DD2}.Release|Any CPU.ActiveCfg = Release|Any CPU
		{409906ED-A4C2-4FD4-9B0A-85C7CB2A9DD2}.Release|Any CPU.Build.0 = Release|Any CPU
		{409906ED-A4C2-4FD4-9B0A-85C7CB2A9DD2}.Release|x64.ActiveCfg = Release|Any CPU
		{409906ED-A4C2-4FD4-9B0A-85C7CB2A9DD2}.Release|x64.Build.0 = Release|Any CPU
		{409906ED-A4C2-4FD4-9B0A-85C7CB2A9DD2}.Release|x86.ActiveCfg = Release|Any CPU
		{409906ED-A4C2-4FD4-9B0A-85C7CB2A9DD2}.Release|x86.Build.0 = Release|Any CPU
		{41EC7AB2-E0C5-44F6-A4A7-775182BA88D9}.Debug|Any CPU.ActiveCfg = Debug|Any CPU
		{41EC7AB2-E0C5-44F6-A4A7-775182BA88D9}.Debug|Any CPU.Build.0 = Debug|Any CPU
		{41EC7AB2-E0C5-44F6-A4A7-775182BA88D9}.Debug|x64.ActiveCfg = Debug|Any CPU
		{41EC7AB2-E0C5-44F6-A4A7-775182BA88D9}.Debug|x64.Build.0 = Debug|Any CPU
		{41EC7AB2-E0C5-44F6-A4A7-775182BA88D9}.Debug|x86.ActiveCfg = Debug|Any CPU
		{41EC7AB2-E0C5-44F6-A4A7-775182BA88D9}.Debug|x86.Build.0 = Debug|Any CPU
		{41EC7AB2-E0C5-44F6-A4A7-775182BA88D9}.Release|Any CPU.ActiveCfg = Release|Any CPU
		{41EC7AB2-E0C5-44F6-A4A7-775182BA88D9}.Release|Any CPU.Build.0 = Release|Any CPU
		{41EC7AB2-E0C5-44F6-A4A7-775182BA88D9}.Release|x64.ActiveCfg = Release|Any CPU
		{41EC7AB2-E0C5-44F6-A4A7-775182BA88D9}.Release|x64.Build.0 = Release|Any CPU
		{41EC7AB2-E0C5-44F6-A4A7-775182BA88D9}.Release|x86.ActiveCfg = Release|Any CPU
		{41EC7AB2-E0C5-44F6-A4A7-775182BA88D9}.Release|x86.Build.0 = Release|Any CPU
		{FAE20514-954C-43D0-B186-AFD1A6EE5895}.Debug|Any CPU.ActiveCfg = Debug|Any CPU
		{FAE20514-954C-43D0-B186-AFD1A6EE5895}.Debug|Any CPU.Build.0 = Debug|Any CPU
		{FAE20514-954C-43D0-B186-AFD1A6EE5895}.Debug|x64.ActiveCfg = Debug|Any CPU
		{FAE20514-954C-43D0-B186-AFD1A6EE5895}.Debug|x64.Build.0 = Debug|Any CPU
		{FAE20514-954C-43D0-B186-AFD1A6EE5895}.Debug|x86.ActiveCfg = Debug|Any CPU
		{FAE20514-954C-43D0-B186-AFD1A6EE5895}.Debug|x86.Build.0 = Debug|Any CPU
		{FAE20514-954C-43D0-B186-AFD1A6EE5895}.Release|Any CPU.ActiveCfg = Release|Any CPU
		{FAE20514-954C-43D0-B186-AFD1A6EE5895}.Release|Any CPU.Build.0 = Release|Any CPU
		{FAE20514-954C-43D0-B186-AFD1A6EE5895}.Release|x64.ActiveCfg = Release|Any CPU
		{FAE20514-954C-43D0-B186-AFD1A6EE5895}.Release|x64.Build.0 = Release|Any CPU
		{FAE20514-954C-43D0-B186-AFD1A6EE5895}.Release|x86.ActiveCfg = Release|Any CPU
		{FAE20514-954C-43D0-B186-AFD1A6EE5895}.Release|x86.Build.0 = Release|Any CPU
		{8DD0829C-987C-4446-BEA6-C33C8F8397D2}.Debug|Any CPU.ActiveCfg = Debug|Any CPU
		{8DD0829C-987C-4446-BEA6-C33C8F8397D2}.Debug|Any CPU.Build.0 = Debug|Any CPU
		{8DD0829C-987C-4446-BEA6-C33C8F8397D2}.Debug|x64.ActiveCfg = Debug|Any CPU
		{8DD0829C-987C-4446-BEA6-C33C8F8397D2}.Debug|x64.Build.0 = Debug|Any CPU
		{8DD0829C-987C-4446-BEA6-C33C8F8397D2}.Debug|x86.ActiveCfg = Debug|Any CPU
		{8DD0829C-987C-4446-BEA6-C33C8F8397D2}.Debug|x86.Build.0 = Debug|Any CPU
		{8DD0829C-987C-4446-BEA6-C33C8F8397D2}.Release|Any CPU.ActiveCfg = Release|Any CPU
		{8DD0829C-987C-4446-BEA6-C33C8F8397D2}.Release|Any CPU.Build.0 = Release|Any CPU
		{8DD0829C-987C-4446-BEA6-C33C8F8397D2}.Release|x64.ActiveCfg = Release|Any CPU
		{8DD0829C-987C-4446-BEA6-C33C8F8397D2}.Release|x64.Build.0 = Release|Any CPU
		{8DD0829C-987C-4446-BEA6-C33C8F8397D2}.Release|x86.ActiveCfg = Release|Any CPU
		{8DD0829C-987C-4446-BEA6-C33C8F8397D2}.Release|x86.Build.0 = Release|Any CPU
		{50B44CE6-5D0C-4EB9-8461-BA960F9550EA}.Debug|Any CPU.ActiveCfg = Debug|Any CPU
		{50B44CE6-5D0C-4EB9-8461-BA960F9550EA}.Debug|Any CPU.Build.0 = Debug|Any CPU
		{50B44CE6-5D0C-4EB9-8461-BA960F9550EA}.Debug|x64.ActiveCfg = Debug|Any CPU
		{50B44CE6-5D0C-4EB9-8461-BA960F9550EA}.Debug|x64.Build.0 = Debug|Any CPU
		{50B44CE6-5D0C-4EB9-8461-BA960F9550EA}.Debug|x86.ActiveCfg = Debug|Any CPU
		{50B44CE6-5D0C-4EB9-8461-BA960F9550EA}.Debug|x86.Build.0 = Debug|Any CPU
		{50B44CE6-5D0C-4EB9-8461-BA960F9550EA}.Release|Any CPU.ActiveCfg = Release|Any CPU
		{50B44CE6-5D0C-4EB9-8461-BA960F9550EA}.Release|Any CPU.Build.0 = Release|Any CPU
		{50B44CE6-5D0C-4EB9-8461-BA960F9550EA}.Release|x64.ActiveCfg = Release|Any CPU
		{50B44CE6-5D0C-4EB9-8461-BA960F9550EA}.Release|x64.Build.0 = Release|Any CPU
		{50B44CE6-5D0C-4EB9-8461-BA960F9550EA}.Release|x86.ActiveCfg = Release|Any CPU
		{50B44CE6-5D0C-4EB9-8461-BA960F9550EA}.Release|x86.Build.0 = Release|Any CPU
		{D77B80D7-E6F8-4E81-AD05-9CE3D14D89AF}.Debug|Any CPU.ActiveCfg = Debug|Any CPU
		{D77B80D7-E6F8-4E81-AD05-9CE3D14D89AF}.Debug|Any CPU.Build.0 = Debug|Any CPU
		{D77B80D7-E6F8-4E81-AD05-9CE3D14D89AF}.Debug|x64.ActiveCfg = Debug|Any CPU
		{D77B80D7-E6F8-4E81-AD05-9CE3D14D89AF}.Debug|x64.Build.0 = Debug|Any CPU
		{D77B80D7-E6F8-4E81-AD05-9CE3D14D89AF}.Debug|x86.ActiveCfg = Debug|Any CPU
		{D77B80D7-E6F8-4E81-AD05-9CE3D14D89AF}.Debug|x86.Build.0 = Debug|Any CPU
		{D77B80D7-E6F8-4E81-AD05-9CE3D14D89AF}.Release|Any CPU.ActiveCfg = Release|Any CPU
		{D77B80D7-E6F8-4E81-AD05-9CE3D14D89AF}.Release|Any CPU.Build.0 = Release|Any CPU
		{D77B80D7-E6F8-4E81-AD05-9CE3D14D89AF}.Release|x64.ActiveCfg = Release|Any CPU
		{D77B80D7-E6F8-4E81-AD05-9CE3D14D89AF}.Release|x64.Build.0 = Release|Any CPU
		{D77B80D7-E6F8-4E81-AD05-9CE3D14D89AF}.Release|x86.ActiveCfg = Release|Any CPU
		{D77B80D7-E6F8-4E81-AD05-9CE3D14D89AF}.Release|x86.Build.0 = Release|Any CPU
		{B9A40043-0F49-494C-A972-E7258C66617D}.Debug|Any CPU.ActiveCfg = Debug|Any CPU
		{B9A40043-0F49-494C-A972-E7258C66617D}.Debug|Any CPU.Build.0 = Debug|Any CPU
		{B9A40043-0F49-494C-A972-E7258C66617D}.Debug|x64.ActiveCfg = Debug|Any CPU
		{B9A40043-0F49-494C-A972-E7258C66617D}.Debug|x64.Build.0 = Debug|Any CPU
		{B9A40043-0F49-494C-A972-E7258C66617D}.Debug|x86.ActiveCfg = Debug|Any CPU
		{B9A40043-0F49-494C-A972-E7258C66617D}.Debug|x86.Build.0 = Debug|Any CPU
		{B9A40043-0F49-494C-A972-E7258C66617D}.Release|Any CPU.ActiveCfg = Release|Any CPU
		{B9A40043-0F49-494C-A972-E7258C66617D}.Release|Any CPU.Build.0 = Release|Any CPU
		{B9A40043-0F49-494C-A972-E7258C66617D}.Release|x64.ActiveCfg = Release|Any CPU
		{B9A40043-0F49-494C-A972-E7258C66617D}.Release|x64.Build.0 = Release|Any CPU
		{B9A40043-0F49-494C-A972-E7258C66617D}.Release|x86.ActiveCfg = Release|Any CPU
		{B9A40043-0F49-494C-A972-E7258C66617D}.Release|x86.Build.0 = Release|Any CPU
	EndGlobalSection
	GlobalSection(SolutionProperties) = preSolution
		HideSolutionNode = FALSE
	EndGlobalSection
	GlobalSection(NestedProjects) = preSolution
		{CBE10441-6298-4B8C-B264-303C037CD67B} = {827E0CD3-B72D-47B6-A68D-7590B98EB39B}
		{A9102DDC-7C26-4EEF-BA95-C84AF33E3E98} = {827E0CD3-B72D-47B6-A68D-7590B98EB39B}
		{409906ED-A4C2-4FD4-9B0A-85C7CB2A9DD2} = {827E0CD3-B72D-47B6-A68D-7590B98EB39B}
		{41EC7AB2-E0C5-44F6-A4A7-775182BA88D9} = {827E0CD3-B72D-47B6-A68D-7590B98EB39B}
		{FAE20514-954C-43D0-B186-AFD1A6EE5895} = {827E0CD3-B72D-47B6-A68D-7590B98EB39B}
		{8DD0829C-987C-4446-BEA6-C33C8F8397D2} = {827E0CD3-B72D-47B6-A68D-7590B98EB39B}
		{50B44CE6-5D0C-4EB9-8461-BA960F9550EA} = {0AB3BF05-4346-4AA6-1389-037BE0695223}
		{D77B80D7-E6F8-4E81-AD05-9CE3D14D89AF} = {0AB3BF05-4346-4AA6-1389-037BE0695223}
		{B9A40043-0F49-494C-A972-E7258C66617D} = {0AB3BF05-4346-4AA6-1389-037BE0695223}
	EndGlobalSection
EndGlobal
